
Microsoft Visual Studio Solution File, Format Version 12.00
# Visual Studio Version 17
VisualStudioVersion = 17.5.33424.131
MinimumVisualStudioVersion = 10.0.40219.1
Project("{FAE04EC0-301F-11D3-BF4B-00C04F79EFBC}") = "AutoUpload-League-Bot", "AutoUpload-League-Bot.csproj", "{BBA629E7-FDF9-446D-835B-AE9C4E7EF583}"
EndProject
Global
	GlobalSection(SolutionConfigurationPlatforms) = preSolution
		Debug|Any CPU = Debug|Any CPU
		Release|Any CPU = Release|Any CPU
	EndGlobalSection
	GlobalSection(ProjectConfigurationPlatforms) = postSolution
		{BBA629E7-FDF9-446D-835B-AE9C4E7EF583}.Debug|Any CPU.ActiveCfg = Debug|Any CPU
		{BBA629E7-FDF9-446D-835B-AE9C4E7EF583}.Debug|Any CPU.Build.0 = Debug|Any CPU
		{BBA629E7-FDF9-446D-835B-AE9C4E7EF583}.Release|Any CPU.ActiveCfg = Release|Any CPU
		{BBA629E7-FDF9-446D-835B-AE9C4E7EF583}.Release|Any CPU.Build.0 = Release|Any CPU
	EndGlobalSection
	GlobalSection(SolutionProperties) = preSolution
		HideSolutionNode = FALSE
	EndGlobalSection
	GlobalSection(ExtensibilityGlobals) = postSolution
		SolutionGuid = {63F1CDF2-852B-4CB7-8076-C6CBF0B18053}
	EndGlobalSection
EndGlobal
